
Microsoft Visual Studio Solution File, Format Version 12.00
# Visual Studio Version 17
VisualStudioVersion = 17.7.34031.279
MinimumVisualStudioVersion = 10.0.40219.1
Project("{8BC9CEB8-8B4A-11D0-8D11-00A0C91BC942}") = "PZ1", "PZ1\PZ1.vcxproj", "{1E89B1C7-28D2-4B70-9D11-443592E1BFC7}"
EndProject
Project("{9A19103F-16F7-4668-BE54-9A1E7A4F7556}") = "PZ2", "PZ2\PZ2.csproj", "{F09E475F-0AC1-475F-86FC-470DFF130BE7}"
EndProject
Project("{9A19103F-16F7-4668-BE54-9A1E7A4F7556}") = "PZ3", "PZ3\PZ3\PZ3.csproj", "{B63909AF-2EA3-4DD9-9A28-46A25D489034}"
EndProject
Project("{9A19103F-16F7-4668-BE54-9A1E7A4F7556}") = "PZ4", "PZ4\PZ4.csproj", "{66FFE212-4FA1-4036-B437-4CA4FD0E6E58}"
EndProject
Project("{9A19103F-16F7-4668-BE54-9A1E7A4F7556}") = "PZ5", "PZ5\PZ5.csproj", "{39E677ED-D129-4592-BB2E-B884E4843A34}"
EndProject
Project("{FAE04EC0-301F-11D3-BF4B-00C04F79EFBC}") = "PZ6", "PZ6\PZ6.csproj", "{A933332B-2748-492A-9513-4E21943BAED9}"
EndProject
Project("{FAE04EC0-301F-11D3-BF4B-00C04F79EFBC}") = "PZ7", "PZ7\PZ7.csproj", "{758A644A-97E0-4A88-9DEC-FA0E07A0F2B0}"
EndProject
Global
	GlobalSection(SolutionConfigurationPlatforms) = preSolution
		Debug|Any CPU = Debug|Any CPU
		Debug|ARM = Debug|ARM
		Debug|ARM64 = Debug|ARM64
		Debug|x64 = Debug|x64
		Debug|x86 = Debug|x86
		Release|Any CPU = Release|Any CPU
		Release|ARM = Release|ARM
		Release|ARM64 = Release|ARM64
		Release|x64 = Release|x64
		Release|x86 = Release|x86
	EndGlobalSection
	GlobalSection(ProjectConfigurationPlatforms) = postSolution
		{1E89B1C7-28D2-4B70-9D11-443592E1BFC7}.Debug|Any CPU.ActiveCfg = Debug|x64
		{1E89B1C7-28D2-4B70-9D11-443592E1BFC7}.Debug|Any CPU.Build.0 = Debug|x64
		{1E89B1C7-28D2-4B70-9D11-443592E1BFC7}.Debug|ARM.ActiveCfg = Debug|x64
		{1E89B1C7-28D2-4B70-9D11-443592E1BFC7}.Debug|ARM.Build.0 = Debug|x64
		{1E89B1C7-28D2-4B70-9D11-443592E1BFC7}.Debug|ARM64.ActiveCfg = Debug|x64
		{1E89B1C7-28D2-4B70-9D11-443592E1BFC7}.Debug|ARM64.Build.0 = Debug|x64
		{1E89B1C7-28D2-4B70-9D11-443592E1BFC7}.Debug|x64.ActiveCfg = Debug|x64
		{1E89B1C7-28D2-4B70-9D11-443592E1BFC7}.Debug|x64.Build.0 = Debug|x64
		{1E89B1C7-28D2-4B70-9D11-443592E1BFC7}.Debug|x86.ActiveCfg = Debug|Win32
		{1E89B1C7-28D2-4B70-9D11-443592E1BFC7}.Debug|x86.Build.0 = Debug|Win32
		{1E89B1C7-28D2-4B70-9D11-443592E1BFC7}.Release|Any CPU.ActiveCfg = Release|x64
		{1E89B1C7-28D2-4B70-9D11-443592E1BFC7}.Release|Any CPU.Build.0 = Release|x64
		{1E89B1C7-28D2-4B70-9D11-443592E1BFC7}.Release|ARM.ActiveCfg = Release|x64
		{1E89B1C7-28D2-4B70-9D11-443592E1BFC7}.Release|ARM.Build.0 = Release|x64
		{1E89B1C7-28D2-4B70-9D11-443592E1BFC7}.Release|ARM64.ActiveCfg = Release|x64
		{1E89B1C7-28D2-4B70-9D11-443592E1BFC7}.Release|ARM64.Build.0 = Release|x64
		{1E89B1C7-28D2-4B70-9D11-443592E1BFC7}.Release|x64.ActiveCfg = Release|x64
		{1E89B1C7-28D2-4B70-9D11-443592E1BFC7}.Release|x64.Build.0 = Release|x64
		{1E89B1C7-28D2-4B70-9D11-443592E1BFC7}.Release|x86.ActiveCfg = Release|Win32
		{1E89B1C7-28D2-4B70-9D11-443592E1BFC7}.Release|x86.Build.0 = Release|Win32
		{F09E475F-0AC1-475F-86FC-470DFF130BE7}.Debug|Any CPU.ActiveCfg = Debug|Any CPU
		{F09E475F-0AC1-475F-86FC-470DFF130BE7}.Debug|Any CPU.Build.0 = Debug|Any CPU
		{F09E475F-0AC1-475F-86FC-470DFF130BE7}.Debug|ARM.ActiveCfg = Debug|Any CPU
		{F09E475F-0AC1-475F-86FC-470DFF130BE7}.Debug|ARM.Build.0 = Debug|Any CPU
		{F09E475F-0AC1-475F-86FC-470DFF130BE7}.Debug|ARM64.ActiveCfg = Debug|Any CPU
		{F09E475F-0AC1-475F-86FC-470DFF130BE7}.Debug|ARM64.Build.0 = Debug|Any CPU
		{F09E475F-0AC1-475F-86FC-470DFF130BE7}.Debug|x64.ActiveCfg = Debug|Any CPU
		{F09E475F-0AC1-475F-86FC-470DFF130BE7}.Debug|x64.Build.0 = Debug|Any CPU
		{F09E475F-0AC1-475F-86FC-470DFF130BE7}.Debug|x86.ActiveCfg = Debug|Any CPU
		{F09E475F-0AC1-475F-86FC-470DFF130BE7}.Debug|x86.Build.0 = Debug|Any CPU
		{F09E475F-0AC1-475F-86FC-470DFF130BE7}.Release|Any CPU.ActiveCfg = Release|Any CPU
		{F09E475F-0AC1-475F-86FC-470DFF130BE7}.Release|Any CPU.Build.0 = Release|Any CPU
		{F09E475F-0AC1-475F-86FC-470DFF130BE7}.Release|ARM.ActiveCfg = Release|Any CPU
		{F09E475F-0AC1-475F-86FC-470DFF130BE7}.Release|ARM.Build.0 = Release|Any CPU
		{F09E475F-0AC1-475F-86FC-470DFF130BE7}.Release|ARM64.ActiveCfg = Release|Any CPU
		{F09E475F-0AC1-475F-86FC-470DFF130BE7}.Release|ARM64.Build.0 = Release|Any CPU
		{F09E475F-0AC1-475F-86FC-470DFF130BE7}.Release|x64.ActiveCfg = Release|Any CPU
		{F09E475F-0AC1-475F-86FC-470DFF130BE7}.Release|x64.Build.0 = Release|Any CPU
		{F09E475F-0AC1-475F-86FC-470DFF130BE7}.Release|x86.ActiveCfg = Release|Any CPU
		{F09E475F-0AC1-475F-86FC-470DFF130BE7}.Release|x86.Build.0 = Release|Any CPU
		{B63909AF-2EA3-4DD9-9A28-46A25D489034}.Debug|Any CPU.ActiveCfg = Debug|Any CPU
		{B63909AF-2EA3-4DD9-9A28-46A25D489034}.Debug|Any CPU.Build.0 = Debug|Any CPU
		{B63909AF-2EA3-4DD9-9A28-46A25D489034}.Debug|ARM.ActiveCfg = Debug|Any CPU
		{B63909AF-2EA3-4DD9-9A28-46A25D489034}.Debug|ARM.Build.0 = Debug|Any CPU
		{B63909AF-2EA3-4DD9-9A28-46A25D489034}.Debug|ARM64.ActiveCfg = Debug|Any CPU
		{B63909AF-2EA3-4DD9-9A28-46A25D489034}.Debug|ARM64.Build.0 = Debug|Any CPU
		{B63909AF-2EA3-4DD9-9A28-46A25D489034}.Debug|x64.ActiveCfg = Debug|Any CPU
		{B63909AF-2EA3-4DD9-9A28-46A25D489034}.Debug|x64.Build.0 = Debug|Any CPU
		{B63909AF-2EA3-4DD9-9A28-46A25D489034}.Debug|x86.ActiveCfg = Debug|Any CPU
		{B63909AF-2EA3-4DD9-9A28-46A25D489034}.Debug|x86.Build.0 = Debug|Any CPU
		{B63909AF-2EA3-4DD9-9A28-46A25D489034}.Release|Any CPU.ActiveCfg = Release|Any CPU
		{B63909AF-2EA3-4DD9-9A28-46A25D489034}.Release|Any CPU.Build.0 = Release|Any CPU
		{B63909AF-2EA3-4DD9-9A28-46A25D489034}.Release|ARM.ActiveCfg = Release|Any CPU
		{B63909AF-2EA3-4DD9-9A28-46A25D489034}.Release|ARM.Build.0 = Release|Any CPU
		{B63909AF-2EA3-4DD9-9A28-46A25D489034}.Release|ARM64.ActiveCfg = Release|Any CPU
		{B63909AF-2EA3-4DD9-9A28-46A25D489034}.Release|ARM64.Build.0 = Release|Any CPU
		{B63909AF-2EA3-4DD9-9A28-46A25D489034}.Release|x64.ActiveCfg = Release|Any CPU
		{B63909AF-2EA3-4DD9-9A28-46A25D489034}.Release|x64.Build.0 = Release|Any CPU
		{B63909AF-2EA3-4DD9-9A28-46A25D489034}.Release|x86.ActiveCfg = Release|Any CPU
		{B63909AF-2EA3-4DD9-9A28-46A25D489034}.Release|x86.Build.0 = Release|Any CPU
		{66FFE212-4FA1-4036-B437-4CA4FD0E6E58}.Debug|Any CPU.ActiveCfg = Debug|Any CPU
		{66FFE212-4FA1-4036-B437-4CA4FD0E6E58}.Debug|Any CPU.Build.0 = Debug|Any CPU
		{66FFE212-4FA1-4036-B437-4CA4FD0E6E58}.Debug|ARM.ActiveCfg = Debug|Any CPU
		{66FFE212-4FA1-4036-B437-4CA4FD0E6E58}.Debug|ARM.Build.0 = Debug|Any CPU
		{66FFE212-4FA1-4036-B437-4CA4FD0E6E58}.Debug|ARM64.ActiveCfg = Debug|Any CPU
		{66FFE212-4FA1-4036-B437-4CA4FD0E6E58}.Debug|ARM64.Build.0 = Debug|Any CPU
		{66FFE212-4FA1-4036-B437-4CA4FD0E6E58}.Debug|x64.ActiveCfg = Debug|Any CPU
		{66FFE212-4FA1-4036-B437-4CA4FD0E6E58}.Debug|x64.Build.0 = Debug|Any CPU
		{66FFE212-4FA1-4036-B437-4CA4FD0E6E58}.Debug|x86.ActiveCfg = Debug|Any CPU
		{66FFE212-4FA1-4036-B437-4CA4FD0E6E58}.Debug|x86.Build.0 = Debug|Any CPU
		{66FFE212-4FA1-4036-B437-4CA4FD0E6E58}.Release|Any CPU.ActiveCfg = Release|Any CPU
		{66FFE212-4FA1-4036-B437-4CA4FD0E6E58}.Release|Any CPU.Build.0 = Release|Any CPU
		{66FFE212-4FA1-4036-B437-4CA4FD0E6E58}.Release|ARM.ActiveCfg = Release|Any CPU
		{66FFE212-4FA1-4036-B437-4CA4FD0E6E58}.Release|ARM.Build.0 = Release|Any CPU
		{66FFE212-4FA1-4036-B437-4CA4FD0E6E58}.Release|ARM64.ActiveCfg = Release|Any CPU
		{66FFE212-4FA1-4036-B437-4CA4FD0E6E58}.Release|ARM64.Build.0 = Release|Any CPU
		{66FFE212-4FA1-4036-B437-4CA4FD0E6E58}.Release|x64.ActiveCfg = Release|Any CPU
		{66FFE212-4FA1-4036-B437-4CA4FD0E6E58}.Release|x64.Build.0 = Release|Any CPU
		{66FFE212-4FA1-4036-B437-4CA4FD0E6E58}.Release|x86.ActiveCfg = Release|Any CPU
		{66FFE212-4FA1-4036-B437-4CA4FD0E6E58}.Release|x86.Build.0 = Release|Any CPU
		{39E677ED-D129-4592-BB2E-B884E4843A34}.Debug|Any CPU.ActiveCfg = Debug|Any CPU
		{39E677ED-D129-4592-BB2E-B884E4843A34}.Debug|Any CPU.Build.0 = Debug|Any CPU
		{39E677ED-D129-4592-BB2E-B884E4843A34}.Debug|ARM.ActiveCfg = Debug|Any CPU
		{39E677ED-D129-4592-BB2E-B884E4843A34}.Debug|ARM.Build.0 = Debug|Any CPU
		{39E677ED-D129-4592-BB2E-B884E4843A34}.Debug|ARM64.ActiveCfg = Debug|Any CPU
		{39E677ED-D129-4592-BB2E-B884E4843A34}.Debug|ARM64.Build.0 = Debug|Any CPU
		{39E677ED-D129-4592-BB2E-B884E4843A34}.Debug|x64.ActiveCfg = Debug|Any CPU
		{39E677ED-D129-4592-BB2E-B884E4843A34}.Debug|x64.Build.0 = Debug|Any CPU
		{39E677ED-D129-4592-BB2E-B884E4843A34}.Debug|x86.ActiveCfg = Debug|Any CPU
		{39E677ED-D129-4592-BB2E-B884E4843A34}.Debug|x86.Build.0 = Debug|Any CPU
		{39E677ED-D129-4592-BB2E-B884E4843A34}.Release|Any CPU.ActiveCfg = Release|Any CPU
		{39E677ED-D129-4592-BB2E-B884E4843A34}.Release|Any CPU.Build.0 = Release|Any CPU
		{39E677ED-D129-4592-BB2E-B884E4843A34}.Release|ARM.ActiveCfg = Release|Any CPU
		{39E677ED-D129-4592-BB2E-B884E4843A34}.Release|ARM.Build.0 = Release|Any CPU
		{39E677ED-D129-4592-BB2E-B884E4843A34}.Release|ARM64.ActiveCfg = Release|Any CPU
		{39E677ED-D129-4592-BB2E-B884E4843A34}.Release|ARM64.Build.0 = Release|Any CPU
		{39E677ED-D129-4592-BB2E-B884E4843A34}.Release|x64.ActiveCfg = Release|Any CPU
		{39E677ED-D129-4592-BB2E-B884E4843A34}.Release|x64.Build.0 = Release|Any CPU
		{39E677ED-D129-4592-BB2E-B884E4843A34}.Release|x86.ActiveCfg = Release|Any CPU
		{39E677ED-D129-4592-BB2E-B884E4843A34}.Release|x86.Build.0 = Release|Any CPU
		{A933332B-2748-492A-9513-4E21943BAED9}.Debug|Any CPU.ActiveCfg = Debug|x64
		{A933332B-2748-492A-9513-4E21943BAED9}.Debug|Any CPU.Build.0 = Debug|x64
		{A933332B-2748-492A-9513-4E21943BAED9}.Debug|Any CPU.Deploy.0 = Debug|x64
		{A933332B-2748-492A-9513-4E21943BAED9}.Debug|ARM.ActiveCfg = Debug|ARM
		{A933332B-2748-492A-9513-4E21943BAED9}.Debug|ARM.Build.0 = Debug|ARM
		{A933332B-2748-492A-9513-4E21943BAED9}.Debug|ARM.Deploy.0 = Debug|ARM
		{A933332B-2748-492A-9513-4E21943BAED9}.Debug|ARM64.ActiveCfg = Debug|ARM64
		{A933332B-2748-492A-9513-4E21943BAED9}.Debug|ARM64.Build.0 = Debug|ARM64
		{A933332B-2748-492A-9513-4E21943BAED9}.Debug|ARM64.Deploy.0 = Debug|ARM64
		{A933332B-2748-492A-9513-4E21943BAED9}.Debug|x64.ActiveCfg = Debug|x64
		{A933332B-2748-492A-9513-4E21943BAED9}.Debug|x64.Build.0 = Debug|x64
		{A933332B-2748-492A-9513-4E21943BAED9}.Debug|x64.Deploy.0 = Debug|x64
		{A933332B-2748-492A-9513-4E21943BAED9}.Debug|x86.ActiveCfg = Debug|x86
		{A933332B-2748-492A-9513-4E21943BAED9}.Debug|x86.Build.0 = Debug|x86
		{A933332B-2748-492A-9513-4E21943BAED9}.Debug|x86.Deploy.0 = Debug|x86
		{A933332B-2748-492A-9513-4E21943BAED9}.Release|Any CPU.ActiveCfg = Release|x64
		{A933332B-2748-492A-9513-4E21943BAED9}.Release|Any CPU.Build.0 = Release|x64
		{A933332B-2748-492A-9513-4E21943BAED9}.Release|Any CPU.Deploy.0 = Release|x64
		{A933332B-2748-492A-9513-4E21943BAED9}.Release|ARM.ActiveCfg = Release|ARM
		{A933332B-2748-492A-9513-4E21943BAED9}.Release|ARM.Build.0 = Release|ARM
		{A933332B-2748-492A-9513-4E21943BAED9}.Release|ARM.Deploy.0 = Release|ARM
		{A933332B-2748-492A-9513-4E21943BAED9}.Release|ARM64.ActiveCfg = Release|ARM64
		{A933332B-2748-492A-9513-4E21943BAED9}.Release|ARM64.Build.0 = Release|ARM64
		{A933332B-2748-492A-9513-4E21943BAED9}.Release|ARM64.Deploy.0 = Release|ARM64
		{A933332B-2748-492A-9513-4E21943BAED9}.Release|x64.ActiveCfg = Release|x64
		{A933332B-2748-492A-9513-4E21943BAED9}.Release|x64.Build.0 = Release|x64
		{A933332B-2748-492A-9513-4E21943BAED9}.Release|x64.Deploy.0 = Release|x64
		{A933332B-2748-492A-9513-4E21943BAED9}.Release|x86.ActiveCfg = Release|x86
		{A933332B-2748-492A-9513-4E21943BAED9}.Release|x86.Build.0 = Release|x86
		{A933332B-2748-492A-9513-4E21943BAED9}.Release|x86.Deploy.0 = Release|x86
		{758A644A-97E0-4A88-9DEC-FA0E07A0F2B0}.Debug|Any CPU.ActiveCfg = Debug|Any CPU
		{758A644A-97E0-4A88-9DEC-FA0E07A0F2B0}.Debug|Any CPU.Build.0 = Debug|Any CPU
		{758A644A-97E0-4A88-9DEC-FA0E07A0F2B0}.Debug|ARM.ActiveCfg = Debug|Any CPU
		{758A644A-97E0-4A88-9DEC-FA0E07A0F2B0}.Debug|ARM.Build.0 = Debug|Any CPU
		{758A644A-97E0-4A88-9DEC-FA0E07A0F2B0}.Debug|ARM64.ActiveCfg = Debug|Any CPU
		{758A644A-97E0-4A88-9DEC-FA0E07A0F2B0}.Debug|ARM64.Build.0 = Debug|Any CPU
		{758A644A-97E0-4A88-9DEC-FA0E07A0F2B0}.Debug|x64.ActiveCfg = Debug|Any CPU
		{758A644A-97E0-4A88-9DEC-FA0E07A0F2B0}.Debug|x64.Build.0 = Debug|Any CPU
		{758A644A-97E0-4A88-9DEC-FA0E07A0F2B0}.Debug|x86.ActiveCfg = Debug|Any CPU
		{758A644A-97E0-4A88-9DEC-FA0E07A0F2B0}.Debug|x86.Build.0 = Debug|Any CPU
		{758A644A-97E0-4A88-9DEC-FA0E07A0F2B0}.Release|Any CPU.ActiveCfg = Release|Any CPU
		{758A644A-97E0-4A88-9DEC-FA0E07A0F2B0}.Release|Any CPU.Build.0 = Release|Any CPU
		{758A644A-97E0-4A88-9DEC-FA0E07A0F2B0}.Release|ARM.ActiveCfg = Release|Any CPU
		{758A644A-97E0-4A88-9DEC-FA0E07A0F2B0}.Release|ARM.Build.0 = Release|Any CPU
		{758A644A-97E0-4A88-9DEC-FA0E07A0F2B0}.Release|ARM64.ActiveCfg = Release|Any CPU
		{758A644A-97E0-4A88-9DEC-FA0E07A0F2B0}.Release|ARM64.Build.0 = Release|Any CPU
		{758A644A-97E0-4A88-9DEC-FA0E07A0F2B0}.Release|x64.ActiveCfg = Release|Any CPU
		{758A644A-97E0-4A88-9DEC-FA0E07A0F2B0}.Release|x64.Build.0 = Release|Any CPU
		{758A644A-97E0-4A88-9DEC-FA0E07A0F2B0}.Release|x86.ActiveCfg = Release|Any CPU
		{758A644A-97E0-4A88-9DEC-FA0E07A0F2B0}.Release|x86.Build.0 = Release|Any CPU
	EndGlobalSection
	GlobalSection(SolutionProperties) = preSolution
		HideSolutionNode = FALSE
	EndGlobalSection
	GlobalSection(ExtensibilityGlobals) = postSolution
		SolutionGuid = {4C0CBAAA-C9DA-4121-97EF-65CD318B5714}
	EndGlobalSection
EndGlobal
