
Microsoft Visual Studio Solution File, Format Version 12.00
# Visual Studio Version 17
VisualStudioVersion = 17.7.34031.279
MinimumVisualStudioVersion = 10.0.40219.1
Project("{8BC9CEB8-8B4A-11D0-8D11-00A0C91BC942}") = "PZ1", "PZ1\PZ1.vcxproj", "{1E89B1C7-28D2-4B70-9D11-443592E1BFC7}"
EndProject
Project("{9A19103F-16F7-4668-BE54-9A1E7A4F7556}") = "PZ2", "PZ2\PZ2.csproj", "{F09E475F-0AC1-475F-86FC-470DFF130BE7}"
EndProject
Project("{9A19103F-16F7-4668-BE54-9A1E7A4F7556}") = "PZ3", "PZ3\PZ3\PZ3.csproj", "{B63909AF-2EA3-4DD9-9A28-46A25D489034}"
EndProject
Project("{9A19103F-16F7-4668-BE54-9A1E7A4F7556}") = "PZ4", "PZ4\PZ4.csproj", "{66FFE212-4FA1-4036-B437-4CA4FD0E6E58}"
EndProject
Project("{9A19103F-16F7-4668-BE54-9A1E7A4F7556}") = "PZ5", "PZ5\PZ5.csproj", "{39E677ED-D129-4592-BB2E-B884E4843A34}"
EndProject
Project("{FAE04EC0-301F-11D3-BF4B-00C04F79EFBC}") = "PZ6", "PZ6\PZ6.csproj", "{A933332B-2748-492A-9513-4E21943BAED9}"
EndProject
Project("{9A19103F-16F7-4668-BE54-9A1E7A4F7556}") = "PZ7", "PZ7\PZ7.csproj", "{758A644A-97E0-4A88-9DEC-FA0E07A0F2B0}"
EndProject
Project("{9A19103F-16F7-4668-BE54-9A1E7A4F7556}") = "PZ8", "PZ8\PZ8.csproj", "{1EC3507C-948B-4339-9D3E-4C04D2FA8038}"
EndProject
Project("{8BC9CEB8-8B4A-11D0-8D11-00A0C91BC942}") = "PZ10", "PZ10\PZ10.vcxproj", "{DA06D119-CEA6-43F9-94E3-D4E57FC1DCD1}"
EndProject
Project("{8BC9CEB8-8B4A-11D0-8D11-00A0C91BC942}") = "PZ9", "PZ9\PZ9.vcxproj", "{B536B3F9-1996-4FF7-A7F0-4D84EC503F4E}"
EndProject
Project("{8BC9CEB8-8B4A-11D0-8D11-00A0C91BC942}") = "PZ11", "PZ11\PZ11.vcxproj", "{EC94AF46-818D-4BE3-80BE-3EA39DBB5BDE}"
EndProject
Project("{8BC9CEB8-8B4A-11D0-8D11-00A0C91BC942}") = "StaticLibrary", "StaticLibrary\StaticLibrary.vcxproj", "{6C3222EC-2B50-4217-9C26-CB34CC179534}"
EndProject
Project("{8BC9CEB8-8B4A-11D0-8D11-00A0C91BC942}") = "PZ12", "PZ12\PZ12.vcxproj", "{0F113137-A64B-4C34-854D-63C63DF66C7A}"
EndProject
Project("{8BC9CEB8-8B4A-11D0-8D11-00A0C91BC942}") = "MathLibrary", "MathLibrary\MathLibrary.vcxproj", "{F1BC0333-9E36-46C5-9362-A88D710088EB}"
EndProject
Project("{8BC9CEB8-8B4A-11D0-8D11-00A0C91BC942}") = "PZ13", "PZ13\PZ13.vcxproj", "{2F27A6E8-5153-4625-BC98-791AD60FA15F}"
EndProject
Global
	GlobalSection(SolutionConfigurationPlatforms) = preSolution
		Debug|Any CPU = Debug|Any CPU
		Debug|ARM = Debug|ARM
		Debug|ARM64 = Debug|ARM64
		Debug|x64 = Debug|x64
		Debug|x86 = Debug|x86
		Release|Any CPU = Release|Any CPU
		Release|ARM = Release|ARM
		Release|ARM64 = Release|ARM64
		Release|x64 = Release|x64
		Release|x86 = Release|x86
	EndGlobalSection
	GlobalSection(ProjectConfigurationPlatforms) = postSolution
		{1E89B1C7-28D2-4B70-9D11-443592E1BFC7}.Debug|Any CPU.ActiveCfg = Debug|x64
		{1E89B1C7-28D2-4B70-9D11-443592E1BFC7}.Debug|Any CPU.Build.0 = Debug|x64
		{1E89B1C7-28D2-4B70-9D11-443592E1BFC7}.Debug|ARM.ActiveCfg = Debug|x64
		{1E89B1C7-28D2-4B70-9D11-443592E1BFC7}.Debug|ARM.Build.0 = Debug|x64
		{1E89B1C7-28D2-4B70-9D11-443592E1BFC7}.Debug|ARM64.ActiveCfg = Debug|x64
		{1E89B1C7-28D2-4B70-9D11-443592E1BFC7}.Debug|ARM64.Build.0 = Debug|x64
		{1E89B1C7-28D2-4B70-9D11-443592E1BFC7}.Debug|x64.ActiveCfg = Debug|x64
		{1E89B1C7-28D2-4B70-9D11-443592E1BFC7}.Debug|x64.Build.0 = Debug|x64
		{1E89B1C7-28D2-4B70-9D11-443592E1BFC7}.Debug|x86.ActiveCfg = Debug|Win32
		{1E89B1C7-28D2-4B70-9D11-443592E1BFC7}.Debug|x86.Build.0 = Debug|Win32
		{1E89B1C7-28D2-4B70-9D11-443592E1BFC7}.Release|Any CPU.ActiveCfg = Release|x64
		{1E89B1C7-28D2-4B70-9D11-443592E1BFC7}.Release|Any CPU.Build.0 = Release|x64
		{1E89B1C7-28D2-4B70-9D11-443592E1BFC7}.Release|ARM.ActiveCfg = Release|x64
		{1E89B1C7-28D2-4B70-9D11-443592E1BFC7}.Release|ARM.Build.0 = Release|x64
		{1E89B1C7-28D2-4B70-9D11-443592E1BFC7}.Release|ARM64.ActiveCfg = Release|x64
		{1E89B1C7-28D2-4B70-9D11-443592E1BFC7}.Release|ARM64.Build.0 = Release|x64
		{1E89B1C7-28D2-4B70-9D11-443592E1BFC7}.Release|x64.ActiveCfg = Release|x64
		{1E89B1C7-28D2-4B70-9D11-443592E1BFC7}.Release|x64.Build.0 = Release|x64
		{1E89B1C7-28D2-4B70-9D11-443592E1BFC7}.Release|x86.ActiveCfg = Release|Win32
		{1E89B1C7-28D2-4B70-9D11-443592E1BFC7}.Release|x86.Build.0 = Release|Win32
		{F09E475F-0AC1-475F-86FC-470DFF130BE7}.Debug|Any CPU.ActiveCfg = Debug|Any CPU
		{F09E475F-0AC1-475F-86FC-470DFF130BE7}.Debug|Any CPU.Build.0 = Debug|Any CPU
		{F09E475F-0AC1-475F-86FC-470DFF130BE7}.Debug|ARM.ActiveCfg = Debug|Any CPU
		{F09E475F-0AC1-475F-86FC-470DFF130BE7}.Debug|ARM.Build.0 = Debug|Any CPU
		{F09E475F-0AC1-475F-86FC-470DFF130BE7}.Debug|ARM64.ActiveCfg = Debug|Any CPU
		{F09E475F-0AC1-475F-86FC-470DFF130BE7}.Debug|ARM64.Build.0 = Debug|Any CPU
		{F09E475F-0AC1-475F-86FC-470DFF130BE7}.Debug|x64.ActiveCfg = Debug|Any CPU
		{F09E475F-0AC1-475F-86FC-470DFF130BE7}.Debug|x64.Build.0 = Debug|Any CPU
		{F09E475F-0AC1-475F-86FC-470DFF130BE7}.Debug|x86.ActiveCfg = Debug|Any CPU
		{F09E475F-0AC1-475F-86FC-470DFF130BE7}.Debug|x86.Build.0 = Debug|Any CPU
		{F09E475F-0AC1-475F-86FC-470DFF130BE7}.Release|Any CPU.ActiveCfg = Release|Any CPU
		{F09E475F-0AC1-475F-86FC-470DFF130BE7}.Release|Any CPU.Build.0 = Release|Any CPU
		{F09E475F-0AC1-475F-86FC-470DFF130BE7}.Release|ARM.ActiveCfg = Release|Any CPU
		{F09E475F-0AC1-475F-86FC-470DFF130BE7}.Release|ARM.Build.0 = Release|Any CPU
		{F09E475F-0AC1-475F-86FC-470DFF130BE7}.Release|ARM64.ActiveCfg = Release|Any CPU
		{F09E475F-0AC1-475F-86FC-470DFF130BE7}.Release|ARM64.Build.0 = Release|Any CPU
		{F09E475F-0AC1-475F-86FC-470DFF130BE7}.Release|x64.ActiveCfg = Release|Any CPU
		{F09E475F-0AC1-475F-86FC-470DFF130BE7}.Release|x64.Build.0 = Release|Any CPU
		{F09E475F-0AC1-475F-86FC-470DFF130BE7}.Release|x86.ActiveCfg = Release|Any CPU
		{F09E475F-0AC1-475F-86FC-470DFF130BE7}.Release|x86.Build.0 = Release|Any CPU
		{B63909AF-2EA3-4DD9-9A28-46A25D489034}.Debug|Any CPU.ActiveCfg = Debug|Any CPU
		{B63909AF-2EA3-4DD9-9A28-46A25D489034}.Debug|Any CPU.Build.0 = Debug|Any CPU
		{B63909AF-2EA3-4DD9-9A28-46A25D489034}.Debug|ARM.ActiveCfg = Debug|Any CPU
		{B63909AF-2EA3-4DD9-9A28-46A25D489034}.Debug|ARM.Build.0 = Debug|Any CPU
		{B63909AF-2EA3-4DD9-9A28-46A25D489034}.Debug|ARM64.ActiveCfg = Debug|Any CPU
		{B63909AF-2EA3-4DD9-9A28-46A25D489034}.Debug|ARM64.Build.0 = Debug|Any CPU
		{B63909AF-2EA3-4DD9-9A28-46A25D489034}.Debug|x64.ActiveCfg = Debug|Any CPU
		{B63909AF-2EA3-4DD9-9A28-46A25D489034}.Debug|x64.Build.0 = Debug|Any CPU
		{B63909AF-2EA3-4DD9-9A28-46A25D489034}.Debug|x86.ActiveCfg = Debug|Any CPU
		{B63909AF-2EA3-4DD9-9A28-46A25D489034}.Debug|x86.Build.0 = Debug|Any CPU
		{B63909AF-2EA3-4DD9-9A28-46A25D489034}.Release|Any CPU.ActiveCfg = Release|Any CPU
		{B63909AF-2EA3-4DD9-9A28-46A25D489034}.Release|Any CPU.Build.0 = Release|Any CPU
		{B63909AF-2EA3-4DD9-9A28-46A25D489034}.Release|ARM.ActiveCfg = Release|Any CPU
		{B63909AF-2EA3-4DD9-9A28-46A25D489034}.Release|ARM.Build.0 = Release|Any CPU
		{B63909AF-2EA3-4DD9-9A28-46A25D489034}.Release|ARM64.ActiveCfg = Release|Any CPU
		{B63909AF-2EA3-4DD9-9A28-46A25D489034}.Release|ARM64.Build.0 = Release|Any CPU
		{B63909AF-2EA3-4DD9-9A28-46A25D489034}.Release|x64.ActiveCfg = Release|Any CPU
		{B63909AF-2EA3-4DD9-9A28-46A25D489034}.Release|x64.Build.0 = Release|Any CPU
		{B63909AF-2EA3-4DD9-9A28-46A25D489034}.Release|x86.ActiveCfg = Release|Any CPU
		{B63909AF-2EA3-4DD9-9A28-46A25D489034}.Release|x86.Build.0 = Release|Any CPU
		{66FFE212-4FA1-4036-B437-4CA4FD0E6E58}.Debug|Any CPU.ActiveCfg = Debug|Any CPU
		{66FFE212-4FA1-4036-B437-4CA4FD0E6E58}.Debug|Any CPU.Build.0 = Debug|Any CPU
		{66FFE212-4FA1-4036-B437-4CA4FD0E6E58}.Debug|ARM.ActiveCfg = Debug|Any CPU
		{66FFE212-4FA1-4036-B437-4CA4FD0E6E58}.Debug|ARM.Build.0 = Debug|Any CPU
		{66FFE212-4FA1-4036-B437-4CA4FD0E6E58}.Debug|ARM64.ActiveCfg = Debug|Any CPU
		{66FFE212-4FA1-4036-B437-4CA4FD0E6E58}.Debug|ARM64.Build.0 = Debug|Any CPU
		{66FFE212-4FA1-4036-B437-4CA4FD0E6E58}.Debug|x64.ActiveCfg = Debug|Any CPU
		{66FFE212-4FA1-4036-B437-4CA4FD0E6E58}.Debug|x64.Build.0 = Debug|Any CPU
		{66FFE212-4FA1-4036-B437-4CA4FD0E6E58}.Debug|x86.ActiveCfg = Debug|Any CPU
		{66FFE212-4FA1-4036-B437-4CA4FD0E6E58}.Debug|x86.Build.0 = Debug|Any CPU
		{66FFE212-4FA1-4036-B437-4CA4FD0E6E58}.Release|Any CPU.ActiveCfg = Release|Any CPU
		{66FFE212-4FA1-4036-B437-4CA4FD0E6E58}.Release|Any CPU.Build.0 = Release|Any CPU
		{66FFE212-4FA1-4036-B437-4CA4FD0E6E58}.Release|ARM.ActiveCfg = Release|Any CPU
		{66FFE212-4FA1-4036-B437-4CA4FD0E6E58}.Release|ARM.Build.0 = Release|Any CPU
		{66FFE212-4FA1-4036-B437-4CA4FD0E6E58}.Release|ARM64.ActiveCfg = Release|Any CPU
		{66FFE212-4FA1-4036-B437-4CA4FD0E6E58}.Release|ARM64.Build.0 = Release|Any CPU
		{66FFE212-4FA1-4036-B437-4CA4FD0E6E58}.Release|x64.ActiveCfg = Release|Any CPU
		{66FFE212-4FA1-4036-B437-4CA4FD0E6E58}.Release|x64.Build.0 = Release|Any CPU
		{66FFE212-4FA1-4036-B437-4CA4FD0E6E58}.Release|x86.ActiveCfg = Release|Any CPU
		{66FFE212-4FA1-4036-B437-4CA4FD0E6E58}.Release|x86.Build.0 = Release|Any CPU
		{39E677ED-D129-4592-BB2E-B884E4843A34}.Debug|Any CPU.ActiveCfg = Debug|Any CPU
		{39E677ED-D129-4592-BB2E-B884E4843A34}.Debug|Any CPU.Build.0 = Debug|Any CPU
		{39E677ED-D129-4592-BB2E-B884E4843A34}.Debug|ARM.ActiveCfg = Debug|Any CPU
		{39E677ED-D129-4592-BB2E-B884E4843A34}.Debug|ARM.Build.0 = Debug|Any CPU
		{39E677ED-D129-4592-BB2E-B884E4843A34}.Debug|ARM64.ActiveCfg = Debug|Any CPU
		{39E677ED-D129-4592-BB2E-B884E4843A34}.Debug|ARM64.Build.0 = Debug|Any CPU
		{39E677ED-D129-4592-BB2E-B884E4843A34}.Debug|x64.ActiveCfg = Debug|Any CPU
		{39E677ED-D129-4592-BB2E-B884E4843A34}.Debug|x64.Build.0 = Debug|Any CPU
		{39E677ED-D129-4592-BB2E-B884E4843A34}.Debug|x86.ActiveCfg = Debug|Any CPU
		{39E677ED-D129-4592-BB2E-B884E4843A34}.Debug|x86.Build.0 = Debug|Any CPU
		{39E677ED-D129-4592-BB2E-B884E4843A34}.Release|Any CPU.ActiveCfg = Release|Any CPU
		{39E677ED-D129-4592-BB2E-B884E4843A34}.Release|Any CPU.Build.0 = Release|Any CPU
		{39E677ED-D129-4592-BB2E-B884E4843A34}.Release|ARM.ActiveCfg = Release|Any CPU
		{39E677ED-D129-4592-BB2E-B884E4843A34}.Release|ARM.Build.0 = Release|Any CPU
		{39E677ED-D129-4592-BB2E-B884E4843A34}.Release|ARM64.ActiveCfg = Release|Any CPU
		{39E677ED-D129-4592-BB2E-B884E4843A34}.Release|ARM64.Build.0 = Release|Any CPU
		{39E677ED-D129-4592-BB2E-B884E4843A34}.Release|x64.ActiveCfg = Release|Any CPU
		{39E677ED-D129-4592-BB2E-B884E4843A34}.Release|x64.Build.0 = Release|Any CPU
		{39E677ED-D129-4592-BB2E-B884E4843A34}.Release|x86.ActiveCfg = Release|Any CPU
		{39E677ED-D129-4592-BB2E-B884E4843A34}.Release|x86.Build.0 = Release|Any CPU
		{A933332B-2748-492A-9513-4E21943BAED9}.Debug|Any CPU.ActiveCfg = Debug|x64
		{A933332B-2748-492A-9513-4E21943BAED9}.Debug|Any CPU.Build.0 = Debug|x64
		{A933332B-2748-492A-9513-4E21943BAED9}.Debug|Any CPU.Deploy.0 = Debug|x64
		{A933332B-2748-492A-9513-4E21943BAED9}.Debug|ARM.ActiveCfg = Debug|ARM
		{A933332B-2748-492A-9513-4E21943BAED9}.Debug|ARM.Build.0 = Debug|ARM
		{A933332B-2748-492A-9513-4E21943BAED9}.Debug|ARM.Deploy.0 = Debug|ARM
		{A933332B-2748-492A-9513-4E21943BAED9}.Debug|ARM64.ActiveCfg = Debug|ARM64
		{A933332B-2748-492A-9513-4E21943BAED9}.Debug|ARM64.Build.0 = Debug|ARM64
		{A933332B-2748-492A-9513-4E21943BAED9}.Debug|ARM64.Deploy.0 = Debug|ARM64
		{A933332B-2748-492A-9513-4E21943BAED9}.Debug|x64.ActiveCfg = Debug|x64
		{A933332B-2748-492A-9513-4E21943BAED9}.Debug|x64.Build.0 = Debug|x64
		{A933332B-2748-492A-9513-4E21943BAED9}.Debug|x64.Deploy.0 = Debug|x64
		{A933332B-2748-492A-9513-4E21943BAED9}.Debug|x86.ActiveCfg = Debug|x86
		{A933332B-2748-492A-9513-4E21943BAED9}.Debug|x86.Build.0 = Debug|x86
		{A933332B-2748-492A-9513-4E21943BAED9}.Debug|x86.Deploy.0 = Debug|x86
		{A933332B-2748-492A-9513-4E21943BAED9}.Release|Any CPU.ActiveCfg = Release|x64
		{A933332B-2748-492A-9513-4E21943BAED9}.Release|Any CPU.Build.0 = Release|x64
		{A933332B-2748-492A-9513-4E21943BAED9}.Release|Any CPU.Deploy.0 = Release|x64
		{A933332B-2748-492A-9513-4E21943BAED9}.Release|ARM.ActiveCfg = Release|ARM
		{A933332B-2748-492A-9513-4E21943BAED9}.Release|ARM.Build.0 = Release|ARM
		{A933332B-2748-492A-9513-4E21943BAED9}.Release|ARM.Deploy.0 = Release|ARM
		{A933332B-2748-492A-9513-4E21943BAED9}.Release|ARM64.ActiveCfg = Release|ARM64
		{A933332B-2748-492A-9513-4E21943BAED9}.Release|ARM64.Build.0 = Release|ARM64
		{A933332B-2748-492A-9513-4E21943BAED9}.Release|ARM64.Deploy.0 = Release|ARM64
		{A933332B-2748-492A-9513-4E21943BAED9}.Release|x64.ActiveCfg = Release|x64
		{A933332B-2748-492A-9513-4E21943BAED9}.Release|x64.Build.0 = Release|x64
		{A933332B-2748-492A-9513-4E21943BAED9}.Release|x64.Deploy.0 = Release|x64
		{A933332B-2748-492A-9513-4E21943BAED9}.Release|x86.ActiveCfg = Release|x86
		{A933332B-2748-492A-9513-4E21943BAED9}.Release|x86.Build.0 = Release|x86
		{A933332B-2748-492A-9513-4E21943BAED9}.Release|x86.Deploy.0 = Release|x86
		{758A644A-97E0-4A88-9DEC-FA0E07A0F2B0}.Debug|Any CPU.ActiveCfg = Debug|Any CPU
		{758A644A-97E0-4A88-9DEC-FA0E07A0F2B0}.Debug|Any CPU.Build.0 = Debug|Any CPU
		{758A644A-97E0-4A88-9DEC-FA0E07A0F2B0}.Debug|ARM.ActiveCfg = Debug|Any CPU
		{758A644A-97E0-4A88-9DEC-FA0E07A0F2B0}.Debug|ARM.Build.0 = Debug|Any CPU
		{758A644A-97E0-4A88-9DEC-FA0E07A0F2B0}.Debug|ARM64.ActiveCfg = Debug|Any CPU
		{758A644A-97E0-4A88-9DEC-FA0E07A0F2B0}.Debug|ARM64.Build.0 = Debug|Any CPU
		{758A644A-97E0-4A88-9DEC-FA0E07A0F2B0}.Debug|x64.ActiveCfg = Debug|Any CPU
		{758A644A-97E0-4A88-9DEC-FA0E07A0F2B0}.Debug|x64.Build.0 = Debug|Any CPU
		{758A644A-97E0-4A88-9DEC-FA0E07A0F2B0}.Debug|x86.ActiveCfg = Debug|Any CPU
		{758A644A-97E0-4A88-9DEC-FA0E07A0F2B0}.Debug|x86.Build.0 = Debug|Any CPU
		{758A644A-97E0-4A88-9DEC-FA0E07A0F2B0}.Release|Any CPU.ActiveCfg = Release|Any CPU
		{758A644A-97E0-4A88-9DEC-FA0E07A0F2B0}.Release|Any CPU.Build.0 = Release|Any CPU
		{758A644A-97E0-4A88-9DEC-FA0E07A0F2B0}.Release|ARM.ActiveCfg = Release|Any CPU
		{758A644A-97E0-4A88-9DEC-FA0E07A0F2B0}.Release|ARM.Build.0 = Release|Any CPU
		{758A644A-97E0-4A88-9DEC-FA0E07A0F2B0}.Release|ARM64.ActiveCfg = Release|Any CPU
		{758A644A-97E0-4A88-9DEC-FA0E07A0F2B0}.Release|ARM64.Build.0 = Release|Any CPU
		{758A644A-97E0-4A88-9DEC-FA0E07A0F2B0}.Release|x64.ActiveCfg = Release|Any CPU
		{758A644A-97E0-4A88-9DEC-FA0E07A0F2B0}.Release|x64.Build.0 = Release|Any CPU
		{758A644A-97E0-4A88-9DEC-FA0E07A0F2B0}.Release|x86.ActiveCfg = Release|Any CPU
		{758A644A-97E0-4A88-9DEC-FA0E07A0F2B0}.Release|x86.Build.0 = Release|Any CPU
		{1EC3507C-948B-4339-9D3E-4C04D2FA8038}.Debug|Any CPU.ActiveCfg = Debug|Any CPU
		{1EC3507C-948B-4339-9D3E-4C04D2FA8038}.Debug|Any CPU.Build.0 = Debug|Any CPU
		{1EC3507C-948B-4339-9D3E-4C04D2FA8038}.Debug|ARM.ActiveCfg = Debug|Any CPU
		{1EC3507C-948B-4339-9D3E-4C04D2FA8038}.Debug|ARM.Build.0 = Debug|Any CPU
		{1EC3507C-948B-4339-9D3E-4C04D2FA8038}.Debug|ARM64.ActiveCfg = Debug|Any CPU
		{1EC3507C-948B-4339-9D3E-4C04D2FA8038}.Debug|ARM64.Build.0 = Debug|Any CPU
		{1EC3507C-948B-4339-9D3E-4C04D2FA8038}.Debug|x64.ActiveCfg = Debug|Any CPU
		{1EC3507C-948B-4339-9D3E-4C04D2FA8038}.Debug|x64.Build.0 = Debug|Any CPU
		{1EC3507C-948B-4339-9D3E-4C04D2FA8038}.Debug|x86.ActiveCfg = Debug|Any CPU
		{1EC3507C-948B-4339-9D3E-4C04D2FA8038}.Debug|x86.Build.0 = Debug|Any CPU
		{1EC3507C-948B-4339-9D3E-4C04D2FA8038}.Release|Any CPU.ActiveCfg = Release|Any CPU
		{1EC3507C-948B-4339-9D3E-4C04D2FA8038}.Release|Any CPU.Build.0 = Release|Any CPU
		{1EC3507C-948B-4339-9D3E-4C04D2FA8038}.Release|ARM.ActiveCfg = Release|Any CPU
		{1EC3507C-948B-4339-9D3E-4C04D2FA8038}.Release|ARM.Build.0 = Release|Any CPU
		{1EC3507C-948B-4339-9D3E-4C04D2FA8038}.Release|ARM64.ActiveCfg = Release|Any CPU
		{1EC3507C-948B-4339-9D3E-4C04D2FA8038}.Release|ARM64.Build.0 = Release|Any CPU
		{1EC3507C-948B-4339-9D3E-4C04D2FA8038}.Release|x64.ActiveCfg = Release|Any CPU
		{1EC3507C-948B-4339-9D3E-4C04D2FA8038}.Release|x64.Build.0 = Release|Any CPU
		{1EC3507C-948B-4339-9D3E-4C04D2FA8038}.Release|x86.ActiveCfg = Release|Any CPU
		{1EC3507C-948B-4339-9D3E-4C04D2FA8038}.Release|x86.Build.0 = Release|Any CPU
		{DA06D119-CEA6-43F9-94E3-D4E57FC1DCD1}.Debug|Any CPU.ActiveCfg = Debug|x64
		{DA06D119-CEA6-43F9-94E3-D4E57FC1DCD1}.Debug|Any CPU.Build.0 = Debug|x64
		{DA06D119-CEA6-43F9-94E3-D4E57FC1DCD1}.Debug|ARM.ActiveCfg = Debug|x64
		{DA06D119-CEA6-43F9-94E3-D4E57FC1DCD1}.Debug|ARM.Build.0 = Debug|x64
		{DA06D119-CEA6-43F9-94E3-D4E57FC1DCD1}.Debug|ARM64.ActiveCfg = Debug|x64
		{DA06D119-CEA6-43F9-94E3-D4E57FC1DCD1}.Debug|ARM64.Build.0 = Debug|x64
		{DA06D119-CEA6-43F9-94E3-D4E57FC1DCD1}.Debug|x64.ActiveCfg = Debug|x64
		{DA06D119-CEA6-43F9-94E3-D4E57FC1DCD1}.Debug|x64.Build.0 = Debug|x64
		{DA06D119-CEA6-43F9-94E3-D4E57FC1DCD1}.Debug|x86.ActiveCfg = Debug|Win32
		{DA06D119-CEA6-43F9-94E3-D4E57FC1DCD1}.Debug|x86.Build.0 = Debug|Win32
		{DA06D119-CEA6-43F9-94E3-D4E57FC1DCD1}.Release|Any CPU.ActiveCfg = Release|x64
		{DA06D119-CEA6-43F9-94E3-D4E57FC1DCD1}.Release|Any CPU.Build.0 = Release|x64
		{DA06D119-CEA6-43F9-94E3-D4E57FC1DCD1}.Release|ARM.ActiveCfg = Release|x64
		{DA06D119-CEA6-43F9-94E3-D4E57FC1DCD1}.Release|ARM.Build.0 = Release|x64
		{DA06D119-CEA6-43F9-94E3-D4E57FC1DCD1}.Release|ARM64.ActiveCfg = Release|x64
		{DA06D119-CEA6-43F9-94E3-D4E57FC1DCD1}.Release|ARM64.Build.0 = Release|x64
		{DA06D119-CEA6-43F9-94E3-D4E57FC1DCD1}.Release|x64.ActiveCfg = Release|x64
		{DA06D119-CEA6-43F9-94E3-D4E57FC1DCD1}.Release|x64.Build.0 = Release|x64
		{DA06D119-CEA6-43F9-94E3-D4E57FC1DCD1}.Release|x86.ActiveCfg = Release|Win32
		{DA06D119-CEA6-43F9-94E3-D4E57FC1DCD1}.Release|x86.Build.0 = Release|Win32
		{B536B3F9-1996-4FF7-A7F0-4D84EC503F4E}.Debug|Any CPU.ActiveCfg = Debug|x64
		{B536B3F9-1996-4FF7-A7F0-4D84EC503F4E}.Debug|Any CPU.Build.0 = Debug|x64
		{B536B3F9-1996-4FF7-A7F0-4D84EC503F4E}.Debug|ARM.ActiveCfg = Debug|x64
		{B536B3F9-1996-4FF7-A7F0-4D84EC503F4E}.Debug|ARM.Build.0 = Debug|x64
		{B536B3F9-1996-4FF7-A7F0-4D84EC503F4E}.Debug|ARM64.ActiveCfg = Debug|x64
		{B536B3F9-1996-4FF7-A7F0-4D84EC503F4E}.Debug|ARM64.Build.0 = Debug|x64
		{B536B3F9-1996-4FF7-A7F0-4D84EC503F4E}.Debug|x64.ActiveCfg = Debug|x64
		{B536B3F9-1996-4FF7-A7F0-4D84EC503F4E}.Debug|x64.Build.0 = Debug|x64
		{B536B3F9-1996-4FF7-A7F0-4D84EC503F4E}.Debug|x86.ActiveCfg = Debug|Win32
		{B536B3F9-1996-4FF7-A7F0-4D84EC503F4E}.Debug|x86.Build.0 = Debug|Win32
		{B536B3F9-1996-4FF7-A7F0-4D84EC503F4E}.Release|Any CPU.ActiveCfg = Release|x64
		{B536B3F9-1996-4FF7-A7F0-4D84EC503F4E}.Release|Any CPU.Build.0 = Release|x64
		{B536B3F9-1996-4FF7-A7F0-4D84EC503F4E}.Release|ARM.ActiveCfg = Release|x64
		{B536B3F9-1996-4FF7-A7F0-4D84EC503F4E}.Release|ARM.Build.0 = Release|x64
		{B536B3F9-1996-4FF7-A7F0-4D84EC503F4E}.Release|ARM64.ActiveCfg = Release|x64
		{B536B3F9-1996-4FF7-A7F0-4D84EC503F4E}.Release|ARM64.Build.0 = Release|x64
		{B536B3F9-1996-4FF7-A7F0-4D84EC503F4E}.Release|x64.ActiveCfg = Release|x64
		{B536B3F9-1996-4FF7-A7F0-4D84EC503F4E}.Release|x64.Build.0 = Release|x64
		{B536B3F9-1996-4FF7-A7F0-4D84EC503F4E}.Release|x86.ActiveCfg = Release|Win32
		{B536B3F9-1996-4FF7-A7F0-4D84EC503F4E}.Release|x86.Build.0 = Release|Win32
		{EC94AF46-818D-4BE3-80BE-3EA39DBB5BDE}.Debug|Any CPU.ActiveCfg = Debug|x64
		{EC94AF46-818D-4BE3-80BE-3EA39DBB5BDE}.Debug|Any CPU.Build.0 = Debug|x64
		{EC94AF46-818D-4BE3-80BE-3EA39DBB5BDE}.Debug|ARM.ActiveCfg = Debug|x64
		{EC94AF46-818D-4BE3-80BE-3EA39DBB5BDE}.Debug|ARM.Build.0 = Debug|x64
		{EC94AF46-818D-4BE3-80BE-3EA39DBB5BDE}.Debug|ARM64.ActiveCfg = Debug|x64
		{EC94AF46-818D-4BE3-80BE-3EA39DBB5BDE}.Debug|ARM64.Build.0 = Debug|x64
		{EC94AF46-818D-4BE3-80BE-3EA39DBB5BDE}.Debug|x64.ActiveCfg = Debug|x64
		{EC94AF46-818D-4BE3-80BE-3EA39DBB5BDE}.Debug|x64.Build.0 = Debug|x64
		{EC94AF46-818D-4BE3-80BE-3EA39DBB5BDE}.Debug|x86.ActiveCfg = Debug|Win32
		{EC94AF46-818D-4BE3-80BE-3EA39DBB5BDE}.Debug|x86.Build.0 = Debug|Win32
		{EC94AF46-818D-4BE3-80BE-3EA39DBB5BDE}.Release|Any CPU.ActiveCfg = Release|x64
		{EC94AF46-818D-4BE3-80BE-3EA39DBB5BDE}.Release|Any CPU.Build.0 = Release|x64
		{EC94AF46-818D-4BE3-80BE-3EA39DBB5BDE}.Release|ARM.ActiveCfg = Release|x64
		{EC94AF46-818D-4BE3-80BE-3EA39DBB5BDE}.Release|ARM.Build.0 = Release|x64
		{EC94AF46-818D-4BE3-80BE-3EA39DBB5BDE}.Release|ARM64.ActiveCfg = Release|x64
		{EC94AF46-818D-4BE3-80BE-3EA39DBB5BDE}.Release|ARM64.Build.0 = Release|x64
		{EC94AF46-818D-4BE3-80BE-3EA39DBB5BDE}.Release|x64.ActiveCfg = Release|x64
		{EC94AF46-818D-4BE3-80BE-3EA39DBB5BDE}.Release|x64.Build.0 = Release|x64
		{EC94AF46-818D-4BE3-80BE-3EA39DBB5BDE}.Release|x86.ActiveCfg = Release|Win32
		{EC94AF46-818D-4BE3-80BE-3EA39DBB5BDE}.Release|x86.Build.0 = Release|Win32
		{6C3222EC-2B50-4217-9C26-CB34CC179534}.Debug|Any CPU.ActiveCfg = Debug|x64
		{6C3222EC-2B50-4217-9C26-CB34CC179534}.Debug|Any CPU.Build.0 = Debug|x64
		{6C3222EC-2B50-4217-9C26-CB34CC179534}.Debug|ARM.ActiveCfg = Debug|x64
		{6C3222EC-2B50-4217-9C26-CB34CC179534}.Debug|ARM.Build.0 = Debug|x64
		{6C3222EC-2B50-4217-9C26-CB34CC179534}.Debug|ARM64.ActiveCfg = Debug|x64
		{6C3222EC-2B50-4217-9C26-CB34CC179534}.Debug|ARM64.Build.0 = Debug|x64
		{6C3222EC-2B50-4217-9C26-CB34CC179534}.Debug|x64.ActiveCfg = Debug|x64
		{6C3222EC-2B50-4217-9C26-CB34CC179534}.Debug|x64.Build.0 = Debug|x64
		{6C3222EC-2B50-4217-9C26-CB34CC179534}.Debug|x86.ActiveCfg = Debug|Win32
		{6C3222EC-2B50-4217-9C26-CB34CC179534}.Debug|x86.Build.0 = Debug|Win32
		{6C3222EC-2B50-4217-9C26-CB34CC179534}.Release|Any CPU.ActiveCfg = Release|x64
		{6C3222EC-2B50-4217-9C26-CB34CC179534}.Release|Any CPU.Build.0 = Release|x64
		{6C3222EC-2B50-4217-9C26-CB34CC179534}.Release|ARM.ActiveCfg = Release|x64
		{6C3222EC-2B50-4217-9C26-CB34CC179534}.Release|ARM.Build.0 = Release|x64
		{6C3222EC-2B50-4217-9C26-CB34CC179534}.Release|ARM64.ActiveCfg = Release|x64
		{6C3222EC-2B50-4217-9C26-CB34CC179534}.Release|ARM64.Build.0 = Release|x64
		{6C3222EC-2B50-4217-9C26-CB34CC179534}.Release|x64.ActiveCfg = Release|x64
		{6C3222EC-2B50-4217-9C26-CB34CC179534}.Release|x64.Build.0 = Release|x64
		{6C3222EC-2B50-4217-9C26-CB34CC179534}.Release|x86.ActiveCfg = Release|Win32
		{6C3222EC-2B50-4217-9C26-CB34CC179534}.Release|x86.Build.0 = Release|Win32
		{0F113137-A64B-4C34-854D-63C63DF66C7A}.Debug|Any CPU.ActiveCfg = Debug|x64
		{0F113137-A64B-4C34-854D-63C63DF66C7A}.Debug|Any CPU.Build.0 = Debug|x64
		{0F113137-A64B-4C34-854D-63C63DF66C7A}.Debug|ARM.ActiveCfg = Debug|x64
		{0F113137-A64B-4C34-854D-63C63DF66C7A}.Debug|ARM.Build.0 = Debug|x64
		{0F113137-A64B-4C34-854D-63C63DF66C7A}.Debug|ARM64.ActiveCfg = Debug|x64
		{0F113137-A64B-4C34-854D-63C63DF66C7A}.Debug|ARM64.Build.0 = Debug|x64
		{0F113137-A64B-4C34-854D-63C63DF66C7A}.Debug|x64.ActiveCfg = Debug|x64
		{0F113137-A64B-4C34-854D-63C63DF66C7A}.Debug|x64.Build.0 = Debug|x64
		{0F113137-A64B-4C34-854D-63C63DF66C7A}.Debug|x86.ActiveCfg = Debug|Win32
		{0F113137-A64B-4C34-854D-63C63DF66C7A}.Debug|x86.Build.0 = Debug|Win32
		{0F113137-A64B-4C34-854D-63C63DF66C7A}.Release|Any CPU.ActiveCfg = Release|x64
		{0F113137-A64B-4C34-854D-63C63DF66C7A}.Release|Any CPU.Build.0 = Release|x64
		{0F113137-A64B-4C34-854D-63C63DF66C7A}.Release|ARM.ActiveCfg = Release|x64
		{0F113137-A64B-4C34-854D-63C63DF66C7A}.Release|ARM.Build.0 = Release|x64
		{0F113137-A64B-4C34-854D-63C63DF66C7A}.Release|ARM64.ActiveCfg = Release|x64
		{0F113137-A64B-4C34-854D-63C63DF66C7A}.Release|ARM64.Build.0 = Release|x64
		{0F113137-A64B-4C34-854D-63C63DF66C7A}.Release|x64.ActiveCfg = Release|x64
		{0F113137-A64B-4C34-854D-63C63DF66C7A}.Release|x64.Build.0 = Release|x64
		{0F113137-A64B-4C34-854D-63C63DF66C7A}.Release|x86.ActiveCfg = Release|Win32
		{0F113137-A64B-4C34-854D-63C63DF66C7A}.Release|x86.Build.0 = Release|Win32
		{F1BC0333-9E36-46C5-9362-A88D710088EB}.Debug|Any CPU.ActiveCfg = Debug|x64
		{F1BC0333-9E36-46C5-9362-A88D710088EB}.Debug|Any CPU.Build.0 = Debug|x64
		{F1BC0333-9E36-46C5-9362-A88D710088EB}.Debug|ARM.ActiveCfg = Debug|x64
		{F1BC0333-9E36-46C5-9362-A88D710088EB}.Debug|ARM.Build.0 = Debug|x64
		{F1BC0333-9E36-46C5-9362-A88D710088EB}.Debug|ARM64.ActiveCfg = Debug|x64
		{F1BC0333-9E36-46C5-9362-A88D710088EB}.Debug|ARM64.Build.0 = Debug|x64
		{F1BC0333-9E36-46C5-9362-A88D710088EB}.Debug|x64.ActiveCfg = Debug|x64
		{F1BC0333-9E36-46C5-9362-A88D710088EB}.Debug|x64.Build.0 = Debug|x64
		{F1BC0333-9E36-46C5-9362-A88D710088EB}.Debug|x86.ActiveCfg = Debug|Win32
		{F1BC0333-9E36-46C5-9362-A88D710088EB}.Debug|x86.Build.0 = Debug|Win32
		{F1BC0333-9E36-46C5-9362-A88D710088EB}.Release|Any CPU.ActiveCfg = Release|x64
		{F1BC0333-9E36-46C5-9362-A88D710088EB}.Release|Any CPU.Build.0 = Release|x64
		{F1BC0333-9E36-46C5-9362-A88D710088EB}.Release|ARM.ActiveCfg = Release|x64
		{F1BC0333-9E36-46C5-9362-A88D710088EB}.Release|ARM.Build.0 = Release|x64
		{F1BC0333-9E36-46C5-9362-A88D710088EB}.Release|ARM64.ActiveCfg = Release|x64
		{F1BC0333-9E36-46C5-9362-A88D710088EB}.Release|ARM64.Build.0 = Release|x64
		{F1BC0333-9E36-46C5-9362-A88D710088EB}.Release|x64.ActiveCfg = Release|x64
		{F1BC0333-9E36-46C5-9362-A88D710088EB}.Release|x64.Build.0 = Release|x64
		{F1BC0333-9E36-46C5-9362-A88D710088EB}.Release|x86.ActiveCfg = Release|Win32
		{F1BC0333-9E36-46C5-9362-A88D710088EB}.Release|x86.Build.0 = Release|Win32
		{2F27A6E8-5153-4625-BC98-791AD60FA15F}.Debug|Any CPU.ActiveCfg = Debug|x64
		{2F27A6E8-5153-4625-BC98-791AD60FA15F}.Debug|Any CPU.Build.0 = Debug|x64
		{2F27A6E8-5153-4625-BC98-791AD60FA15F}.Debug|ARM.ActiveCfg = Debug|x64
		{2F27A6E8-5153-4625-BC98-791AD60FA15F}.Debug|ARM.Build.0 = Debug|x64
		{2F27A6E8-5153-4625-BC98-791AD60FA15F}.Debug|ARM64.ActiveCfg = Debug|x64
		{2F27A6E8-5153-4625-BC98-791AD60FA15F}.Debug|ARM64.Build.0 = Debug|x64
		{2F27A6E8-5153-4625-BC98-791AD60FA15F}.Debug|x64.ActiveCfg = Debug|x64
		{2F27A6E8-5153-4625-BC98-791AD60FA15F}.Debug|x64.Build.0 = Debug|x64
		{2F27A6E8-5153-4625-BC98-791AD60FA15F}.Debug|x86.ActiveCfg = Debug|Win32
		{2F27A6E8-5153-4625-BC98-791AD60FA15F}.Debug|x86.Build.0 = Debug|Win32
		{2F27A6E8-5153-4625-BC98-791AD60FA15F}.Release|Any CPU.ActiveCfg = Release|x64
		{2F27A6E8-5153-4625-BC98-791AD60FA15F}.Release|Any CPU.Build.0 = Release|x64
		{2F27A6E8-5153-4625-BC98-791AD60FA15F}.Release|ARM.ActiveCfg = Release|x64
		{2F27A6E8-5153-4625-BC98-791AD60FA15F}.Release|ARM.Build.0 = Release|x64
		{2F27A6E8-5153-4625-BC98-791AD60FA15F}.Release|ARM64.ActiveCfg = Release|x64
		{2F27A6E8-5153-4625-BC98-791AD60FA15F}.Release|ARM64.Build.0 = Release|x64
		{2F27A6E8-5153-4625-BC98-791AD60FA15F}.Release|x64.ActiveCfg = Release|x64
		{2F27A6E8-5153-4625-BC98-791AD60FA15F}.Release|x64.Build.0 = Release|x64
		{2F27A6E8-5153-4625-BC98-791AD60FA15F}.Release|x86.ActiveCfg = Release|Win32
		{2F27A6E8-5153-4625-BC98-791AD60FA15F}.Release|x86.Build.0 = Release|Win32
	EndGlobalSection
	GlobalSection(SolutionProperties) = preSolution
		HideSolutionNode = FALSE
	EndGlobalSection
	GlobalSection(ExtensibilityGlobals) = postSolution
		SolutionGuid = {4C0CBAAA-C9DA-4121-97EF-65CD318B5714}
	EndGlobalSection
EndGlobal
